// !$*UTF8*$!
{
	archiveVersion = 1;
	classes = {
	};
	objectVersion = 56;
	objects = {

/* Begin PBXBuildFile section */
		180F68812AB4D56E00CDF2A3 /* NetworkManager.swift in Sources */ = {isa = PBXBuildFile; fileRef = 180F68802AB4D56E00CDF2A3 /* NetworkManager.swift */; };
		180F68842AB4D5BC00CDF2A3 /* SpamDBInfo.swift in Sources */ = {isa = PBXBuildFile; fileRef = 180F68832AB4D5BC00CDF2A3 /* SpamDBInfo.swift */; };
		180F68862AB4D5DB00CDF2A3 /* CustomError.swift in Sources */ = {isa = PBXBuildFile; fileRef = 180F68852AB4D5DB00CDF2A3 /* CustomError.swift */; };
		180F688C2AB4D69A00CDF2A3 /* String+Ext.swift in Sources */ = {isa = PBXBuildFile; fileRef = 180F688B2AB4D69A00CDF2A3 /* String+Ext.swift */; };
		180F688E2AB4D6C600CDF2A3 /* EmailDataLeak.swift in Sources */ = {isa = PBXBuildFile; fileRef = 180F688D2AB4D6C600CDF2A3 /* EmailDataLeak.swift */; };
		180F68902AB4D6E800CDF2A3 /* WebsiteCheckResponse.swift in Sources */ = {isa = PBXBuildFile; fileRef = 180F688F2AB4D6E800CDF2A3 /* WebsiteCheckResponse.swift */; };
		180F68932AB4D77900CDF2A3 /* HIBPErrorResponse.swift in Sources */ = {isa = PBXBuildFile; fileRef = 180F68922AB4D77900CDF2A3 /* HIBPErrorResponse.swift */; };
		180F68A22AB4D87400CDF2A3 /* NetworkManagerTests.swift in Sources */ = {isa = PBXBuildFile; fileRef = 180F68A12AB4D87400CDF2A3 /* NetworkManagerTests.swift */; };
		180F68AC2AB4E29D00CDF2A3 /* ScreenEventsObserver.swift in Sources */ = {isa = PBXBuildFile; fileRef = 180F68A42AB4E29D00CDF2A3 /* ScreenEventsObserver.swift */; };
		180F68AD2AB4E29D00CDF2A3 /* IScreenEventsObserver.swift in Sources */ = {isa = PBXBuildFile; fileRef = 180F68A52AB4E29D00CDF2A3 /* IScreenEventsObserver.swift */; };
		180F68B02AB4E29D00CDF2A3 /* IEmitter.swift in Sources */ = {isa = PBXBuildFile; fileRef = 180F68AA2AB4E29D00CDF2A3 /* IEmitter.swift */; };
		180F68B12AB4E29D00CDF2A3 /* Emitter.swift in Sources */ = {isa = PBXBuildFile; fileRef = 180F68AB2AB4E29D00CDF2A3 /* Emitter.swift */; };
		180F68B92AB4E32800CDF2A3 /* AnimatedBackgroundView.swift in Sources */ = {isa = PBXBuildFile; fileRef = 180F68B52AB4E32800CDF2A3 /* AnimatedBackgroundView.swift */; };
		180F68BA2AB4E32800CDF2A3 /* AnimatedBackgroundVM.swift in Sources */ = {isa = PBXBuildFile; fileRef = 180F68B62AB4E32800CDF2A3 /* AnimatedBackgroundVM.swift */; };
		180F68BB2AB4E32800CDF2A3 /* AnimationUIView.swift in Sources */ = {isa = PBXBuildFile; fileRef = 180F68B72AB4E32800CDF2A3 /* AnimationUIView.swift */; };
		180F68BC2AB4E32800CDF2A3 /* AnimationUIViewRepresentable.swift in Sources */ = {isa = PBXBuildFile; fileRef = 180F68B82AB4E32800CDF2A3 /* AnimationUIViewRepresentable.swift */; };
		180F68BE2AB4E34B00CDF2A3 /* Images.swift in Sources */ = {isa = PBXBuildFile; fileRef = 180F68BD2AB4E34B00CDF2A3 /* Images.swift */; };
		187377B82AB51E8E00078882 /* View+Ext.swift in Sources */ = {isa = PBXBuildFile; fileRef = 187377B72AB51E8E00078882 /* View+Ext.swift */; };
		187377BA2AB51EC800078882 /* TextFieldAlertView.swift in Sources */ = {isa = PBXBuildFile; fileRef = 187377B92AB51EC800078882 /* TextFieldAlertView.swift */; };
		187377BD2AB52B4300078882 /* LoadingView.swift in Sources */ = {isa = PBXBuildFile; fileRef = 187377BC2AB52B4300078882 /* LoadingView.swift */; };
		187377BF2AB52B5200078882 /* BlurView.swift in Sources */ = {isa = PBXBuildFile; fileRef = 187377BE2AB52B5200078882 /* BlurView.swift */; };
		187377C12AB52B6900078882 /* ActivityIndicator.swift in Sources */ = {isa = PBXBuildFile; fileRef = 187377C02AB52B6900078882 /* ActivityIndicator.swift */; };
		187377C32AB5364800078882 /* ScrollingText.swift in Sources */ = {isa = PBXBuildFile; fileRef = 187377C22AB5364800078882 /* ScrollingText.swift */; };
		187377C52AB5447300078882 /* WebsiteChecker.swift in Sources */ = {isa = PBXBuildFile; fileRef = 187377C42AB5447300078882 /* WebsiteChecker.swift */; };
		18B952E62AB4D43900911771 /* awesome_q42App.swift in Sources */ = {isa = PBXBuildFile; fileRef = 18B952E52AB4D43900911771 /* awesome_q42App.swift */; };
		18B952EA2AB4D43A00911771 /* Assets.xcassets in Resources */ = {isa = PBXBuildFile; fileRef = 18B952E92AB4D43A00911771 /* Assets.xcassets */; };
		18B952ED2AB4D43A00911771 /* Preview Assets.xcassets in Resources */ = {isa = PBXBuildFile; fileRef = 18B952EC2AB4D43A00911771 /* Preview Assets.xcassets */; };
		18FD85742AB502030081FD5A /* SplashView.swift in Sources */ = {isa = PBXBuildFile; fileRef = 18FD85732AB502030081FD5A /* SplashView.swift */; };
		18FD85762AB502170081FD5A /* SplashVM.swift in Sources */ = {isa = PBXBuildFile; fileRef = 18FD85752AB502170081FD5A /* SplashVM.swift */; };
		18FD85782AB508380081FD5A /* Color+Ext.swift in Sources */ = {isa = PBXBuildFile; fileRef = 18FD85772AB508380081FD5A /* Color+Ext.swift */; };
		18FD857C2AB50F230081FD5A /* AppVM.swift in Sources */ = {isa = PBXBuildFile; fileRef = 18FD857B2AB50F230081FD5A /* AppVM.swift */; };
		18FD85802AB5126E0081FD5A /* HomeView.swift in Sources */ = {isa = PBXBuildFile; fileRef = 18FD857F2AB5126E0081FD5A /* HomeView.swift */; };
		18FD85822AB512830081FD5A /* HomeVM.swift in Sources */ = {isa = PBXBuildFile; fileRef = 18FD85812AB512830081FD5A /* HomeVM.swift */; };
		18FD85842AB51AFD0081FD5A /* WebsiteCheckResult.swift in Sources */ = {isa = PBXBuildFile; fileRef = 18FD85832AB51AFD0081FD5A /* WebsiteCheckResult.swift */; };
		18FD85862AB51B6D0081FD5A /* CheckerView.swift in Sources */ = {isa = PBXBuildFile; fileRef = 18FD85852AB51B6D0081FD5A /* CheckerView.swift */; };
		18FD85882AB51B830081FD5A /* CheckerVM.swift in Sources */ = {isa = PBXBuildFile; fileRef = 18FD85872AB51B830081FD5A /* CheckerVM.swift */; };
		18FD858A2AB51E170081FD5A /* TextFieldModifier.swift in Sources */ = {isa = PBXBuildFile; fileRef = 18FD85892AB51E170081FD5A /* TextFieldModifier.swift */; };
/* End PBXBuildFile section */

/* Begin PBXContainerItemProxy section */
		180F689C2AB4D7F700CDF2A3 /* PBXContainerItemProxy */ = {
			isa = PBXContainerItemProxy;
			containerPortal = 18B952DA2AB4D43900911771 /* Project object */;
			proxyType = 1;
			remoteGlobalIDString = 18B952E12AB4D43900911771;
			remoteInfo = "awesome-q42";
		};
/* End PBXContainerItemProxy section */

/* Begin PBXFileReference section */
		180F68802AB4D56E00CDF2A3 /* NetworkManager.swift */ = {isa = PBXFileReference; lastKnownFileType = sourcecode.swift; path = NetworkManager.swift; sourceTree = "<group>"; };
		180F68832AB4D5BC00CDF2A3 /* SpamDBInfo.swift */ = {isa = PBXFileReference; lastKnownFileType = sourcecode.swift; path = SpamDBInfo.swift; sourceTree = "<group>"; };
		180F68852AB4D5DB00CDF2A3 /* CustomError.swift */ = {isa = PBXFileReference; lastKnownFileType = sourcecode.swift; path = CustomError.swift; sourceTree = "<group>"; };
		180F688B2AB4D69A00CDF2A3 /* String+Ext.swift */ = {isa = PBXFileReference; lastKnownFileType = sourcecode.swift; path = "String+Ext.swift"; sourceTree = "<group>"; };
		180F688D2AB4D6C600CDF2A3 /* EmailDataLeak.swift */ = {isa = PBXFileReference; lastKnownFileType = sourcecode.swift; path = EmailDataLeak.swift; sourceTree = "<group>"; };
		180F688F2AB4D6E800CDF2A3 /* WebsiteCheckResponse.swift */ = {isa = PBXFileReference; lastKnownFileType = sourcecode.swift; path = WebsiteCheckResponse.swift; sourceTree = "<group>"; };
		180F68912AB4D72600CDF2A3 /* Info.plist */ = {isa = PBXFileReference; lastKnownFileType = text.plist; path = Info.plist; sourceTree = "<group>"; };
		180F68922AB4D77900CDF2A3 /* HIBPErrorResponse.swift */ = {isa = PBXFileReference; lastKnownFileType = sourcecode.swift; path = HIBPErrorResponse.swift; sourceTree = "<group>"; };
		180F68982AB4D7F700CDF2A3 /* awesome-q42Tests.xctest */ = {isa = PBXFileReference; explicitFileType = wrapper.cfbundle; includeInIndex = 0; path = "awesome-q42Tests.xctest"; sourceTree = BUILT_PRODUCTS_DIR; };
		180F68A12AB4D87400CDF2A3 /* NetworkManagerTests.swift */ = {isa = PBXFileReference; lastKnownFileType = sourcecode.swift; path = NetworkManagerTests.swift; sourceTree = "<group>"; };
		180F68A42AB4E29D00CDF2A3 /* ScreenEventsObserver.swift */ = {isa = PBXFileReference; fileEncoding = 4; lastKnownFileType = sourcecode.swift; path = ScreenEventsObserver.swift; sourceTree = "<group>"; };
		180F68A52AB4E29D00CDF2A3 /* IScreenEventsObserver.swift */ = {isa = PBXFileReference; fileEncoding = 4; lastKnownFileType = sourcecode.swift; path = IScreenEventsObserver.swift; sourceTree = "<group>"; };
		180F68AA2AB4E29D00CDF2A3 /* IEmitter.swift */ = {isa = PBXFileReference; fileEncoding = 4; lastKnownFileType = sourcecode.swift; path = IEmitter.swift; sourceTree = "<group>"; };
		180F68AB2AB4E29D00CDF2A3 /* Emitter.swift */ = {isa = PBXFileReference; fileEncoding = 4; lastKnownFileType = sourcecode.swift; path = Emitter.swift; sourceTree = "<group>"; };
		180F68B52AB4E32800CDF2A3 /* AnimatedBackgroundView.swift */ = {isa = PBXFileReference; fileEncoding = 4; lastKnownFileType = sourcecode.swift; path = AnimatedBackgroundView.swift; sourceTree = "<group>"; };
		180F68B62AB4E32800CDF2A3 /* AnimatedBackgroundVM.swift */ = {isa = PBXFileReference; fileEncoding = 4; lastKnownFileType = sourcecode.swift; path = AnimatedBackgroundVM.swift; sourceTree = "<group>"; };
		180F68B72AB4E32800CDF2A3 /* AnimationUIView.swift */ = {isa = PBXFileReference; fileEncoding = 4; lastKnownFileType = sourcecode.swift; path = AnimationUIView.swift; sourceTree = "<group>"; };
		180F68B82AB4E32800CDF2A3 /* AnimationUIViewRepresentable.swift */ = {isa = PBXFileReference; fileEncoding = 4; lastKnownFileType = sourcecode.swift; path = AnimationUIViewRepresentable.swift; sourceTree = "<group>"; };
		180F68BD2AB4E34B00CDF2A3 /* Images.swift */ = {isa = PBXFileReference; lastKnownFileType = sourcecode.swift; path = Images.swift; sourceTree = "<group>"; };
		187377B72AB51E8E00078882 /* View+Ext.swift */ = {isa = PBXFileReference; lastKnownFileType = sourcecode.swift; path = "View+Ext.swift"; sourceTree = "<group>"; };
		187377B92AB51EC800078882 /* TextFieldAlertView.swift */ = {isa = PBXFileReference; lastKnownFileType = sourcecode.swift; path = TextFieldAlertView.swift; sourceTree = "<group>"; };
		187377BC2AB52B4300078882 /* LoadingView.swift */ = {isa = PBXFileReference; lastKnownFileType = sourcecode.swift; path = LoadingView.swift; sourceTree = "<group>"; };
		187377BE2AB52B5200078882 /* BlurView.swift */ = {isa = PBXFileReference; lastKnownFileType = sourcecode.swift; path = BlurView.swift; sourceTree = "<group>"; };
		187377C02AB52B6900078882 /* ActivityIndicator.swift */ = {isa = PBXFileReference; lastKnownFileType = sourcecode.swift; path = ActivityIndicator.swift; sourceTree = "<group>"; };
		187377C22AB5364800078882 /* ScrollingText.swift */ = {isa = PBXFileReference; lastKnownFileType = sourcecode.swift; path = ScrollingText.swift; sourceTree = "<group>"; };
		187377C42AB5447300078882 /* WebsiteChecker.swift */ = {isa = PBXFileReference; lastKnownFileType = sourcecode.swift; path = WebsiteChecker.swift; sourceTree = "<group>"; };
		18B952E22AB4D43900911771 /* awesome-q42.app */ = {isa = PBXFileReference; explicitFileType = wrapper.application; includeInIndex = 0; path = "awesome-q42.app"; sourceTree = BUILT_PRODUCTS_DIR; };
		18B952E52AB4D43900911771 /* awesome_q42App.swift */ = {isa = PBXFileReference; lastKnownFileType = sourcecode.swift; path = awesome_q42App.swift; sourceTree = "<group>"; };
		18B952E92AB4D43A00911771 /* Assets.xcassets */ = {isa = PBXFileReference; lastKnownFileType = folder.assetcatalog; path = Assets.xcassets; sourceTree = "<group>"; };
		18B952EC2AB4D43A00911771 /* Preview Assets.xcassets */ = {isa = PBXFileReference; lastKnownFileType = folder.assetcatalog; path = "Preview Assets.xcassets"; sourceTree = "<group>"; };
		18FD85732AB502030081FD5A /* SplashView.swift */ = {isa = PBXFileReference; lastKnownFileType = sourcecode.swift; path = SplashView.swift; sourceTree = "<group>"; };
		18FD85752AB502170081FD5A /* SplashVM.swift */ = {isa = PBXFileReference; lastKnownFileType = sourcecode.swift; path = SplashVM.swift; sourceTree = "<group>"; };
		18FD85772AB508380081FD5A /* Color+Ext.swift */ = {isa = PBXFileReference; lastKnownFileType = sourcecode.swift; path = "Color+Ext.swift"; sourceTree = "<group>"; };
		18FD857B2AB50F230081FD5A /* AppVM.swift */ = {isa = PBXFileReference; lastKnownFileType = sourcecode.swift; path = AppVM.swift; sourceTree = "<group>"; };
		18FD857F2AB5126E0081FD5A /* HomeView.swift */ = {isa = PBXFileReference; lastKnownFileType = sourcecode.swift; path = HomeView.swift; sourceTree = "<group>"; };
		18FD85812AB512830081FD5A /* HomeVM.swift */ = {isa = PBXFileReference; lastKnownFileType = sourcecode.swift; path = HomeVM.swift; sourceTree = "<group>"; };
		18FD85832AB51AFD0081FD5A /* WebsiteCheckResult.swift */ = {isa = PBXFileReference; lastKnownFileType = sourcecode.swift; path = WebsiteCheckResult.swift; sourceTree = "<group>"; };
		18FD85852AB51B6D0081FD5A /* CheckerView.swift */ = {isa = PBXFileReference; lastKnownFileType = sourcecode.swift; path = CheckerView.swift; sourceTree = "<group>"; };
		18FD85872AB51B830081FD5A /* CheckerVM.swift */ = {isa = PBXFileReference; lastKnownFileType = sourcecode.swift; path = CheckerVM.swift; sourceTree = "<group>"; };
		18FD85892AB51E170081FD5A /* TextFieldModifier.swift */ = {isa = PBXFileReference; lastKnownFileType = sourcecode.swift; path = TextFieldModifier.swift; sourceTree = "<group>"; };
/* End PBXFileReference section */

/* Begin PBXFrameworksBuildPhase section */
		180F68952AB4D7F700CDF2A3 /* Frameworks */ = {
			isa = PBXFrameworksBuildPhase;
			buildActionMask = 2147483647;
			files = (
			);
			runOnlyForDeploymentPostprocessing = 0;
		};
		18B952DF2AB4D43900911771 /* Frameworks */ = {
			isa = PBXFrameworksBuildPhase;
			buildActionMask = 2147483647;
			files = (
			);
			runOnlyForDeploymentPostprocessing = 0;
		};
/* End PBXFrameworksBuildPhase section */

/* Begin PBXGroup section */
		180F687F2AB4D56800CDF2A3 /* Services */ = {
			isa = PBXGroup;
			children = (
				180F68A92AB4E29D00CDF2A3 /* Emitter */,
				180F68A32AB4E29D00CDF2A3 /* ScreenEventsObserver */,
				180F68802AB4D56E00CDF2A3 /* NetworkManager.swift */,
				187377C42AB5447300078882 /* WebsiteChecker.swift */,
			);
			path = Services;
			sourceTree = "<group>";
		};
		180F68822AB4D5B700CDF2A3 /* Model */ = {
			isa = PBXGroup;
			children = (
				180F68832AB4D5BC00CDF2A3 /* SpamDBInfo.swift */,
				180F68922AB4D77900CDF2A3 /* HIBPErrorResponse.swift */,
				180F68852AB4D5DB00CDF2A3 /* CustomError.swift */,
				180F688D2AB4D6C600CDF2A3 /* EmailDataLeak.swift */,
				180F688F2AB4D6E800CDF2A3 /* WebsiteCheckResponse.swift */,
				18FD85832AB51AFD0081FD5A /* WebsiteCheckResult.swift */,
			);
			path = Model;
			sourceTree = "<group>";
		};
		180F68872AB4D65600CDF2A3 /* Utilities */ = {
			isa = PBXGroup;
			children = (
				180F68BD2AB4E34B00CDF2A3 /* Images.swift */,
				18FD85892AB51E170081FD5A /* TextFieldModifier.swift */,
			);
			path = Utilities;
			sourceTree = "<group>";
		};
		180F688A2AB4D69400CDF2A3 /* Extensions */ = {
			isa = PBXGroup;
			children = (
				180F688B2AB4D69A00CDF2A3 /* String+Ext.swift */,
				18FD85772AB508380081FD5A /* Color+Ext.swift */,
				187377B72AB51E8E00078882 /* View+Ext.swift */,
			);
			path = Extensions;
			sourceTree = "<group>";
		};
		180F68992AB4D7F700CDF2A3 /* awesome-q42Tests */ = {
			isa = PBXGroup;
			children = (
				180F68A12AB4D87400CDF2A3 /* NetworkManagerTests.swift */,
			);
			path = "awesome-q42Tests";
			sourceTree = "<group>";
		};
		180F68A32AB4E29D00CDF2A3 /* ScreenEventsObserver */ = {
			isa = PBXGroup;
			children = (
				180F68A42AB4E29D00CDF2A3 /* ScreenEventsObserver.swift */,
				180F68A52AB4E29D00CDF2A3 /* IScreenEventsObserver.swift */,
			);
			path = ScreenEventsObserver;
			sourceTree = "<group>";
		};
		180F68A92AB4E29D00CDF2A3 /* Emitter */ = {
			isa = PBXGroup;
			children = (
				180F68AA2AB4E29D00CDF2A3 /* IEmitter.swift */,
				180F68AB2AB4E29D00CDF2A3 /* Emitter.swift */,
			);
			path = Emitter;
			sourceTree = "<group>";
		};
		180F68B22AB4E31800CDF2A3 /* View Layer */ = {
			isa = PBXGroup;
			children = (
				187377BB2AB51F8100078882 /* Checker */,
				18FD857E2AB512680081FD5A /* Home */,
				180F68B32AB4E32800CDF2A3 /* Animation */,
				18FD857D2AB5125F0081FD5A /* Splash */,
				187377B92AB51EC800078882 /* TextFieldAlertView.swift */,
				187377BC2AB52B4300078882 /* LoadingView.swift */,
				187377C02AB52B6900078882 /* ActivityIndicator.swift */,
				187377BE2AB52B5200078882 /* BlurView.swift */,
				187377C22AB5364800078882 /* ScrollingText.swift */,
			);
			path = "View Layer";
			sourceTree = "<group>";
		};
		180F68B32AB4E32800CDF2A3 /* Animation */ = {
			isa = PBXGroup;
			children = (
				180F68B42AB4E32800CDF2A3 /* AnimatedBackgroundView */,
				180F68B72AB4E32800CDF2A3 /* AnimationUIView.swift */,
				180F68B82AB4E32800CDF2A3 /* AnimationUIViewRepresentable.swift */,
			);
			path = Animation;
			sourceTree = "<group>";
		};
		180F68B42AB4E32800CDF2A3 /* AnimatedBackgroundView */ = {
			isa = PBXGroup;
			children = (
				180F68B52AB4E32800CDF2A3 /* AnimatedBackgroundView.swift */,
				180F68B62AB4E32800CDF2A3 /* AnimatedBackgroundVM.swift */,
			);
			path = AnimatedBackgroundView;
			sourceTree = "<group>";
		};
		187377BB2AB51F8100078882 /* Checker */ = {
			isa = PBXGroup;
			children = (
				18FD85852AB51B6D0081FD5A /* CheckerView.swift */,
				18FD85872AB51B830081FD5A /* CheckerVM.swift */,
			);
			path = Checker;
			sourceTree = "<group>";
		};
		18B952D92AB4D43900911771 = {
			isa = PBXGroup;
			children = (
				18B952E42AB4D43900911771 /* awesome-q42 */,
				180F68992AB4D7F700CDF2A3 /* awesome-q42Tests */,
				18B952E32AB4D43900911771 /* Products */,
			);
			sourceTree = "<group>";
		};
		18B952E32AB4D43900911771 /* Products */ = {
			isa = PBXGroup;
			children = (
				18B952E22AB4D43900911771 /* awesome-q42.app */,
				180F68982AB4D7F700CDF2A3 /* awesome-q42Tests.xctest */,
			);
			name = Products;
			sourceTree = "<group>";
		};
		18B952E42AB4D43900911771 /* awesome-q42 */ = {
			isa = PBXGroup;
			children = (
				180F68912AB4D72600CDF2A3 /* Info.plist */,
				18FD85722AB4FBC90081FD5A /* Application */,
				180F688A2AB4D69400CDF2A3 /* Extensions */,
				180F68872AB4D65600CDF2A3 /* Utilities */,
				180F68822AB4D5B700CDF2A3 /* Model */,
				180F68B22AB4E31800CDF2A3 /* View Layer */,
				180F687F2AB4D56800CDF2A3 /* Services */,
				18B952E92AB4D43A00911771 /* Assets.xcassets */,
				18B952EB2AB4D43A00911771 /* Preview Content */,
			);
			path = "awesome-q42";
			sourceTree = "<group>";
		};
		18B952EB2AB4D43A00911771 /* Preview Content */ = {
			isa = PBXGroup;
			children = (
				18B952EC2AB4D43A00911771 /* Preview Assets.xcassets */,
			);
			path = "Preview Content";
			sourceTree = "<group>";
		};
		18FD85722AB4FBC90081FD5A /* Application */ = {
			isa = PBXGroup;
			children = (
				18B952E52AB4D43900911771 /* awesome_q42App.swift */,
				18FD857B2AB50F230081FD5A /* AppVM.swift */,
			);
			path = Application;
			sourceTree = "<group>";
		};
		18FD857D2AB5125F0081FD5A /* Splash */ = {
			isa = PBXGroup;
			children = (
				18FD85732AB502030081FD5A /* SplashView.swift */,
				18FD85752AB502170081FD5A /* SplashVM.swift */,
			);
			path = Splash;
			sourceTree = "<group>";
		};
		18FD857E2AB512680081FD5A /* Home */ = {
			isa = PBXGroup;
			children = (
				18FD857F2AB5126E0081FD5A /* HomeView.swift */,
				18FD85812AB512830081FD5A /* HomeVM.swift */,
			);
			path = Home;
			sourceTree = "<group>";
		};
/* End PBXGroup section */

/* Begin PBXNativeTarget section */
		180F68972AB4D7F700CDF2A3 /* awesome-q42Tests */ = {
			isa = PBXNativeTarget;
			buildConfigurationList = 180F689E2AB4D7F700CDF2A3 /* Build configuration list for PBXNativeTarget "awesome-q42Tests" */;
			buildPhases = (
				180F68942AB4D7F700CDF2A3 /* Sources */,
				180F68952AB4D7F700CDF2A3 /* Frameworks */,
				180F68962AB4D7F700CDF2A3 /* Resources */,
			);
			buildRules = (
			);
			dependencies = (
				180F689D2AB4D7F700CDF2A3 /* PBXTargetDependency */,
			);
			name = "awesome-q42Tests";
			productName = "awesome-q42Tests";
			productReference = 180F68982AB4D7F700CDF2A3 /* awesome-q42Tests.xctest */;
			productType = "com.apple.product-type.bundle.unit-test";
		};
		18B952E12AB4D43900911771 /* awesome-q42 */ = {
			isa = PBXNativeTarget;
			buildConfigurationList = 18B952F02AB4D43A00911771 /* Build configuration list for PBXNativeTarget "awesome-q42" */;
			buildPhases = (
				18B952DE2AB4D43900911771 /* Sources */,
				18B952DF2AB4D43900911771 /* Frameworks */,
				18B952E02AB4D43900911771 /* Resources */,
			);
			buildRules = (
			);
			dependencies = (
			);
			name = "awesome-q42";
			productName = "awesome-q42";
			productReference = 18B952E22AB4D43900911771 /* awesome-q42.app */;
			productType = "com.apple.product-type.application";
		};
/* End PBXNativeTarget section */

/* Begin PBXProject section */
		18B952DA2AB4D43900911771 /* Project object */ = {
			isa = PBXProject;
			attributes = {
				BuildIndependentTargetsInParallel = 1;
				LastSwiftUpdateCheck = 1410;
				LastUpgradeCheck = 1410;
				TargetAttributes = {
					180F68972AB4D7F700CDF2A3 = {
						CreatedOnToolsVersion = 14.1;
						TestTargetID = 18B952E12AB4D43900911771;
					};
					18B952E12AB4D43900911771 = {
						CreatedOnToolsVersion = 14.1;
					};
				};
			};
			buildConfigurationList = 18B952DD2AB4D43900911771 /* Build configuration list for PBXProject "awesome-q42" */;
			compatibilityVersion = "Xcode 14.0";
			developmentRegion = en;
			hasScannedForEncodings = 0;
			knownRegions = (
				en,
				Base,
			);
			mainGroup = 18B952D92AB4D43900911771;
			productRefGroup = 18B952E32AB4D43900911771 /* Products */;
			projectDirPath = "";
			projectRoot = "";
			targets = (
				18B952E12AB4D43900911771 /* awesome-q42 */,
				180F68972AB4D7F700CDF2A3 /* awesome-q42Tests */,
			);
		};
/* End PBXProject section */

/* Begin PBXResourcesBuildPhase section */
		180F68962AB4D7F700CDF2A3 /* Resources */ = {
			isa = PBXResourcesBuildPhase;
			buildActionMask = 2147483647;
			files = (
			);
			runOnlyForDeploymentPostprocessing = 0;
		};
		18B952E02AB4D43900911771 /* Resources */ = {
			isa = PBXResourcesBuildPhase;
			buildActionMask = 2147483647;
			files = (
				18B952ED2AB4D43A00911771 /* Preview Assets.xcassets in Resources */,
				18B952EA2AB4D43A00911771 /* Assets.xcassets in Resources */,
			);
			runOnlyForDeploymentPostprocessing = 0;
		};
/* End PBXResourcesBuildPhase section */

/* Begin PBXSourcesBuildPhase section */
		180F68942AB4D7F700CDF2A3 /* Sources */ = {
			isa = PBXSourcesBuildPhase;
			buildActionMask = 2147483647;
			files = (
				180F68A22AB4D87400CDF2A3 /* NetworkManagerTests.swift in Sources */,
			);
			runOnlyForDeploymentPostprocessing = 0;
		};
		18B952DE2AB4D43900911771 /* Sources */ = {
			isa = PBXSourcesBuildPhase;
			buildActionMask = 2147483647;
			files = (
				187377B82AB51E8E00078882 /* View+Ext.swift in Sources */,
				180F68AD2AB4E29D00CDF2A3 /* IScreenEventsObserver.swift in Sources */,
				180F68932AB4D77900CDF2A3 /* HIBPErrorResponse.swift in Sources */,
				180F68B12AB4E29D00CDF2A3 /* Emitter.swift in Sources */,
				180F68862AB4D5DB00CDF2A3 /* CustomError.swift in Sources */,
				18FD857C2AB50F230081FD5A /* AppVM.swift in Sources */,
				18FD85802AB5126E0081FD5A /* HomeView.swift in Sources */,
				180F68BB2AB4E32800CDF2A3 /* AnimationUIView.swift in Sources */,
				18FD85862AB51B6D0081FD5A /* CheckerView.swift in Sources */,
				180F688C2AB4D69A00CDF2A3 /* String+Ext.swift in Sources */,
				180F68BE2AB4E34B00CDF2A3 /* Images.swift in Sources */,
				18FD85882AB51B830081FD5A /* CheckerVM.swift in Sources */,
				18FD85762AB502170081FD5A /* SplashVM.swift in Sources */,
				180F68B02AB4E29D00CDF2A3 /* IEmitter.swift in Sources */,
				18FD85782AB508380081FD5A /* Color+Ext.swift in Sources */,
				180F68AC2AB4E29D00CDF2A3 /* ScreenEventsObserver.swift in Sources */,
				187377BF2AB52B5200078882 /* BlurView.swift in Sources */,
				180F68902AB4D6E800CDF2A3 /* WebsiteCheckResponse.swift in Sources */,
				180F68BA2AB4E32800CDF2A3 /* AnimatedBackgroundVM.swift in Sources */,
				187377C32AB5364800078882 /* ScrollingText.swift in Sources */,
				180F68812AB4D56E00CDF2A3 /* NetworkManager.swift in Sources */,
				180F68B92AB4E32800CDF2A3 /* AnimatedBackgroundView.swift in Sources */,
				187377BA2AB51EC800078882 /* TextFieldAlertView.swift in Sources */,
				18FD85822AB512830081FD5A /* HomeVM.swift in Sources */,
				180F68842AB4D5BC00CDF2A3 /* SpamDBInfo.swift in Sources */,
				187377BD2AB52B4300078882 /* LoadingView.swift in Sources */,
				18FD85842AB51AFD0081FD5A /* WebsiteCheckResult.swift in Sources */,
				180F688E2AB4D6C600CDF2A3 /* EmailDataLeak.swift in Sources */,
				180F68BC2AB4E32800CDF2A3 /* AnimationUIViewRepresentable.swift in Sources */,
				187377C12AB52B6900078882 /* ActivityIndicator.swift in Sources */,
				18FD858A2AB51E170081FD5A /* TextFieldModifier.swift in Sources */,
				18B952E62AB4D43900911771 /* awesome_q42App.swift in Sources */,
				18FD85742AB502030081FD5A /* SplashView.swift in Sources */,
				187377C52AB5447300078882 /* WebsiteChecker.swift in Sources */,
			);
			runOnlyForDeploymentPostprocessing = 0;
		};
/* End PBXSourcesBuildPhase section */

/* Begin PBXTargetDependency section */
		180F689D2AB4D7F700CDF2A3 /* PBXTargetDependency */ = {
			isa = PBXTargetDependency;
			target = 18B952E12AB4D43900911771 /* awesome-q42 */;
			targetProxy = 180F689C2AB4D7F700CDF2A3 /* PBXContainerItemProxy */;
		};
/* End PBXTargetDependency section */

/* Begin XCBuildConfiguration section */
		180F689F2AB4D7F700CDF2A3 /* Debug */ = {
			isa = XCBuildConfiguration;
			buildSettings = {
				BUNDLE_LOADER = "$(TEST_HOST)";
				CODE_SIGN_STYLE = Automatic;
				CURRENT_PROJECT_VERSION = 1;
				DEVELOPMENT_TEAM = P7RXT83R75;
				GENERATE_INFOPLIST_FILE = YES;
				MARKETING_VERSION = 1.0;
				PRODUCT_BUNDLE_IDENTIFIER = "com.vladimir-kuzomenskyi.awesome-q42Tests";
				PRODUCT_NAME = "$(TARGET_NAME)";
				SWIFT_EMIT_LOC_STRINGS = NO;
				SWIFT_VERSION = 5.0;
				TARGETED_DEVICE_FAMILY = "1,2";
				TEST_HOST = "$(BUILT_PRODUCTS_DIR)/awesome-q42.app/$(BUNDLE_EXECUTABLE_FOLDER_PATH)/awesome-q42";
			};
			name = Debug;
		};
		180F68A02AB4D7F700CDF2A3 /* Release */ = {
			isa = XCBuildConfiguration;
			buildSettings = {
				BUNDLE_LOADER = "$(TEST_HOST)";
				CODE_SIGN_STYLE = Automatic;
				CURRENT_PROJECT_VERSION = 1;
				DEVELOPMENT_TEAM = P7RXT83R75;
				GENERATE_INFOPLIST_FILE = YES;
				MARKETING_VERSION = 1.0;
				PRODUCT_BUNDLE_IDENTIFIER = "com.vladimir-kuzomenskyi.awesome-q42Tests";
				PRODUCT_NAME = "$(TARGET_NAME)";
				SWIFT_EMIT_LOC_STRINGS = NO;
				SWIFT_VERSION = 5.0;
				TARGETED_DEVICE_FAMILY = "1,2";
				TEST_HOST = "$(BUILT_PRODUCTS_DIR)/awesome-q42.app/$(BUNDLE_EXECUTABLE_FOLDER_PATH)/awesome-q42";
			};
			name = Release;
		};
		18B952EE2AB4D43A00911771 /* Debug */ = {
			isa = XCBuildConfiguration;
			buildSettings = {
				ALWAYS_SEARCH_USER_PATHS = NO;
				CLANG_ANALYZER_NONNULL = YES;
				CLANG_ANALYZER_NUMBER_OBJECT_CONVERSION = YES_AGGRESSIVE;
				CLANG_CXX_LANGUAGE_STANDARD = "gnu++20";
				CLANG_ENABLE_MODULES = YES;
				CLANG_ENABLE_OBJC_ARC = YES;
				CLANG_ENABLE_OBJC_WEAK = YES;
				CLANG_WARN_BLOCK_CAPTURE_AUTORELEASING = YES;
				CLANG_WARN_BOOL_CONVERSION = YES;
				CLANG_WARN_COMMA = YES;
				CLANG_WARN_CONSTANT_CONVERSION = YES;
				CLANG_WARN_DEPRECATED_OBJC_IMPLEMENTATIONS = YES;
				CLANG_WARN_DIRECT_OBJC_ISA_USAGE = YES_ERROR;
				CLANG_WARN_DOCUMENTATION_COMMENTS = YES;
				CLANG_WARN_EMPTY_BODY = YES;
				CLANG_WARN_ENUM_CONVERSION = YES;
				CLANG_WARN_INFINITE_RECURSION = YES;
				CLANG_WARN_INT_CONVERSION = YES;
				CLANG_WARN_NON_LITERAL_NULL_CONVERSION = YES;
				CLANG_WARN_OBJC_IMPLICIT_RETAIN_SELF = YES;
				CLANG_WARN_OBJC_LITERAL_CONVERSION = YES;
				CLANG_WARN_OBJC_ROOT_CLASS = YES_ERROR;
				CLANG_WARN_QUOTED_INCLUDE_IN_FRAMEWORK_HEADER = YES;
				CLANG_WARN_RANGE_LOOP_ANALYSIS = YES;
				CLANG_WARN_STRICT_PROTOTYPES = YES;
				CLANG_WARN_SUSPICIOUS_MOVE = YES;
				CLANG_WARN_UNGUARDED_AVAILABILITY = YES_AGGRESSIVE;
				CLANG_WARN_UNREACHABLE_CODE = YES;
				CLANG_WARN__DUPLICATE_METHOD_MATCH = YES;
				COPY_PHASE_STRIP = NO;
				DEBUG_INFORMATION_FORMAT = dwarf;
				ENABLE_STRICT_OBJC_MSGSEND = YES;
				ENABLE_TESTABILITY = YES;
				GCC_C_LANGUAGE_STANDARD = gnu11;
				GCC_DYNAMIC_NO_PIC = NO;
				GCC_NO_COMMON_BLOCKS = YES;
				GCC_OPTIMIZATION_LEVEL = 0;
				GCC_PREPROCESSOR_DEFINITIONS = (
					"DEBUG=1",
					"$(inherited)",
				);
				GCC_WARN_64_TO_32_BIT_CONVERSION = YES;
				GCC_WARN_ABOUT_RETURN_TYPE = YES_ERROR;
				GCC_WARN_UNDECLARED_SELECTOR = YES;
				GCC_WARN_UNINITIALIZED_AUTOS = YES_AGGRESSIVE;
				GCC_WARN_UNUSED_FUNCTION = YES;
				GCC_WARN_UNUSED_VARIABLE = YES;
				IPHONEOS_DEPLOYMENT_TARGET = 16.1;
				MTL_ENABLE_DEBUG_INFO = INCLUDE_SOURCE;
				MTL_FAST_MATH = YES;
				ONLY_ACTIVE_ARCH = YES;
				SDKROOT = iphoneos;
				SWIFT_ACTIVE_COMPILATION_CONDITIONS = DEBUG;
				SWIFT_OPTIMIZATION_LEVEL = "-Onone";
			};
			name = Debug;
		};
		18B952EF2AB4D43A00911771 /* Release */ = {
			isa = XCBuildConfiguration;
			buildSettings = {
				ALWAYS_SEARCH_USER_PATHS = NO;
				CLANG_ANALYZER_NONNULL = YES;
				CLANG_ANALYZER_NUMBER_OBJECT_CONVERSION = YES_AGGRESSIVE;
				CLANG_CXX_LANGUAGE_STANDARD = "gnu++20";
				CLANG_ENABLE_MODULES = YES;
				CLANG_ENABLE_OBJC_ARC = YES;
				CLANG_ENABLE_OBJC_WEAK = YES;
				CLANG_WARN_BLOCK_CAPTURE_AUTORELEASING = YES;
				CLANG_WARN_BOOL_CONVERSION = YES;
				CLANG_WARN_COMMA = YES;
				CLANG_WARN_CONSTANT_CONVERSION = YES;
				CLANG_WARN_DEPRECATED_OBJC_IMPLEMENTATIONS = YES;
				CLANG_WARN_DIRECT_OBJC_ISA_USAGE = YES_ERROR;
				CLANG_WARN_DOCUMENTATION_COMMENTS = YES;
				CLANG_WARN_EMPTY_BODY = YES;
				CLANG_WARN_ENUM_CONVERSION = YES;
				CLANG_WARN_INFINITE_RECURSION = YES;
				CLANG_WARN_INT_CONVERSION = YES;
				CLANG_WARN_NON_LITERAL_NULL_CONVERSION = YES;
				CLANG_WARN_OBJC_IMPLICIT_RETAIN_SELF = YES;
				CLANG_WARN_OBJC_LITERAL_CONVERSION = YES;
				CLANG_WARN_OBJC_ROOT_CLASS = YES_ERROR;
				CLANG_WARN_QUOTED_INCLUDE_IN_FRAMEWORK_HEADER = YES;
				CLANG_WARN_RANGE_LOOP_ANALYSIS = YES;
				CLANG_WARN_STRICT_PROTOTYPES = YES;
				CLANG_WARN_SUSPICIOUS_MOVE = YES;
				CLANG_WARN_UNGUARDED_AVAILABILITY = YES_AGGRESSIVE;
				CLANG_WARN_UNREACHABLE_CODE = YES;
				CLANG_WARN__DUPLICATE_METHOD_MATCH = YES;
				COPY_PHASE_STRIP = NO;
				DEBUG_INFORMATION_FORMAT = "dwarf-with-dsym";
				ENABLE_NS_ASSERTIONS = NO;
				ENABLE_STRICT_OBJC_MSGSEND = YES;
				GCC_C_LANGUAGE_STANDARD = gnu11;
				GCC_NO_COMMON_BLOCKS = YES;
				GCC_WARN_64_TO_32_BIT_CONVERSION = YES;
				GCC_WARN_ABOUT_RETURN_TYPE = YES_ERROR;
				GCC_WARN_UNDECLARED_SELECTOR = YES;
				GCC_WARN_UNINITIALIZED_AUTOS = YES_AGGRESSIVE;
				GCC_WARN_UNUSED_FUNCTION = YES;
				GCC_WARN_UNUSED_VARIABLE = YES;
				IPHONEOS_DEPLOYMENT_TARGET = 16.1;
				MTL_ENABLE_DEBUG_INFO = NO;
				MTL_FAST_MATH = YES;
				SDKROOT = iphoneos;
				SWIFT_COMPILATION_MODE = wholemodule;
				SWIFT_OPTIMIZATION_LEVEL = "-O";
				VALIDATE_PRODUCT = YES;
			};
			name = Release;
		};
		18B952F12AB4D43A00911771 /* Debug */ = {
			isa = XCBuildConfiguration;
			buildSettings = {
				ASSETCATALOG_COMPILER_APPICON_NAME = AppIcon;
				ASSETCATALOG_COMPILER_GLOBAL_ACCENT_COLOR_NAME = AccentColor;
				CODE_SIGN_STYLE = Automatic;
				CURRENT_PROJECT_VERSION = 1;
				DEVELOPMENT_ASSET_PATHS = "\"awesome-q42/Preview Content\"";
				DEVELOPMENT_TEAM = P7RXT83R75;
				ENABLE_PREVIEWS = YES;
				GENERATE_INFOPLIST_FILE = YES;
				INFOPLIST_FILE = "awesome-q42/Info.plist";
				INFOPLIST_KEY_UIApplicationSceneManifest_Generation = YES;
				INFOPLIST_KEY_UIApplicationSupportsIndirectInputEvents = YES;
				INFOPLIST_KEY_UILaunchScreen_Generation = YES;
				INFOPLIST_KEY_UISupportedInterfaceOrientations = UIInterfaceOrientationPortrait;
				INFOPLIST_KEY_UIUserInterfaceStyle = Light;
				LD_RUNPATH_SEARCH_PATHS = (
					"$(inherited)",
					"@executable_path/Frameworks",
				);
				MARKETING_VERSION = 1.0;
				PRODUCT_BUNDLE_IDENTIFIER = "com.vladimir-kuzomenskyi.awesome-q42";
				PRODUCT_NAME = "$(TARGET_NAME)";
				SUPPORTED_PLATFORMS = "iphoneos iphonesimulator";
				SUPPORTS_MACCATALYST = NO;
				SUPPORTS_MAC_DESIGNED_FOR_IPHONE_IPAD = NO;
				SWIFT_EMIT_LOC_STRINGS = YES;
				SWIFT_VERSION = 5.0;
				TARGETED_DEVICE_FAMILY = 1;
			};
			name = Debug;
		};
		18B952F22AB4D43A00911771 /* Release */ = {
			isa = XCBuildConfiguration;
			buildSettings = {
				ASSETCATALOG_COMPILER_APPICON_NAME = AppIcon;
				ASSETCATALOG_COMPILER_GLOBAL_ACCENT_COLOR_NAME = AccentColor;
				CODE_SIGN_STYLE = Automatic;
				CURRENT_PROJECT_VERSION = 1;
				DEVELOPMENT_ASSET_PATHS = "\"awesome-q42/Preview Content\"";
				DEVELOPMENT_TEAM = P7RXT83R75;
				ENABLE_PREVIEWS = YES;
				GENERATE_INFOPLIST_FILE = YES;
				INFOPLIST_FILE = "awesome-q42/Info.plist";
				INFOPLIST_KEY_UIApplicationSceneManifest_Generation = YES;
				INFOPLIST_KEY_UIApplicationSupportsIndirectInputEvents = YES;
				INFOPLIST_KEY_UILaunchScreen_Generation = YES;
				INFOPLIST_KEY_UISupportedInterfaceOrientations = UIInterfaceOrientationPortrait;
				INFOPLIST_KEY_UIUserInterfaceStyle = Light;
				LD_RUNPATH_SEARCH_PATHS = (
					"$(inherited)",
					"@executable_path/Frameworks",
				);
				MARKETING_VERSION = 1.0;
				PRODUCT_BUNDLE_IDENTIFIER = "com.vladimir-kuzomenskyi.awesome-q42";
				PRODUCT_NAME = "$(TARGET_NAME)";
				SUPPORTED_PLATFORMS = "iphoneos iphonesimulator";
				SUPPORTS_MACCATALYST = NO;
				SUPPORTS_MAC_DESIGNED_FOR_IPHONE_IPAD = NO;
				SWIFT_EMIT_LOC_STRINGS = YES;
				SWIFT_VERSION = 5.0;
				TARGETED_DEVICE_FAMILY = 1;
			};
			name = Release;
		};
/* End XCBuildConfiguration section */

/* Begin XCConfigurationList section */
		180F689E2AB4D7F700CDF2A3 /* Build configuration list for PBXNativeTarget "awesome-q42Tests" */ = {
			isa = XCConfigurationList;
			buildConfigurations = (
				180F689F2AB4D7F700CDF2A3 /* Debug */,
				180F68A02AB4D7F700CDF2A3 /* Release */,
			);
			defaultConfigurationIsVisible = 0;
			defaultConfigurationName = Release;
		};
		18B952DD2AB4D43900911771 /* Build configuration list for PBXProject "awesome-q42" */ = {
			isa = XCConfigurationList;
			buildConfigurations = (
				18B952EE2AB4D43A00911771 /* Debug */,
				18B952EF2AB4D43A00911771 /* Release */,
			);
			defaultConfigurationIsVisible = 0;
			defaultConfigurationName = Release;
		};
		18B952F02AB4D43A00911771 /* Build configuration list for PBXNativeTarget "awesome-q42" */ = {
			isa = XCConfigurationList;
			buildConfigurations = (
				18B952F12AB4D43A00911771 /* Debug */,
				18B952F22AB4D43A00911771 /* Release */,
			);
			defaultConfigurationIsVisible = 0;
			defaultConfigurationName = Release;
		};
/* End XCConfigurationList section */
	};
	rootObject = 18B952DA2AB4D43900911771 /* Project object */;
}
